{
  "originHash" : "e70c872e8fda3d228094a1cd269dadf4fd2e242ed626f864ad5224c11d8d8827",
  "pins" : [
    {
      "identity" : "alamofire",
      "kind" : "remoteSourceControl",
      "location" : "https://github.com/Alamofire/Alamofire.git",
      "state" : {
        "revision" : "7595cbcf59809f9977c5f6378500de2ad73b7ddb",
        "version" : "5.12.0"
      }
    },
    {
      "identity" : "keychainaccess",
      "kind" : "remoteSourceControl",
      "location" : "https://github.com/kishikawakatsumi/KeychainAccess.git",
      "state" : {
        "branch" : "master",
        "revision" : "e0c7eebc5a4465a3c4680764f26b7a61f567cdaf"
      }
    },
    {
      "identity" : "kingfisher",
      "kind" : "remoteSourceControl",
      "location" : "https://github.com/onevcat/Kingfisher.git",
      "state" : {
        "revision" : "cf8be20d07654570554c8a8a4952bc8a5766a8b0",
        "version" : "8.9.0"
      }
    },
    {
      "identity" : "lottie-ios",
      "kind" : "remoteSourceControl",
      "location" : "https://github.com/airbnb/lottie-ios.git",
      "state" : {
        "revision" : "f4db77d7feacba0c2360b84a40c38a6ce8ff399d",
        "version" : "4.6.1"
      }
    }
  ],
  "version" : 3
}
