// !$*UTF8*$!
{
	archiveVersion = 1;
	classes = {
	};
	objectVersion = 77;
	objects = {

/* Begin PBXBuildFile section */
		6268107383B8EBDB2F70AF82 /* Pods_ChillCat.framework in Frameworks */ = {isa = PBXBuildFile; fileRef = 404DEF0C774AC7721096EA8C /* Pods_ChillCat.framework */; };
		6F73F873C07632E765F11441 /* Pods_ChillCatUITests.framework in Frameworks */ = {isa = PBXBuildFile; fileRef = 805E6D83308DF2F842C99563 /* Pods_ChillCatUITests.framework */; };
		CFC321F8206DA575AB1F201D /* Pods_ChillCatTests.framework in Frameworks */ = {isa = PBXBuildFile; fileRef = 7C7EB57F702BB67EE1CBCC2D /* Pods_ChillCatTests.framework */; };
/* End PBXBuildFile section */

/* Begin PBXContainerItemProxy section */
		7A9D2A672FEE66B900288912 /* PBXContainerItemProxy */ = {
			isa = PBXContainerItemProxy;
			containerPortal = 7A8F026E2FAF1FB3001D0053 /* Project object */;
			proxyType = 1;
			remoteGlobalIDString = 7A8F02752FAF1FB3001D0053;
			remoteInfo = ChillCat;
		};
		7AB3D3572FD7CCD400CCD8A8 /* PBXContainerItemProxy */ = {
			isa = PBXContainerItemProxy;
			containerPortal = 7A8F026E2FAF1FB3001D0053 /* Project object */;
			proxyType = 1;
			remoteGlobalIDString = 7A8F02752FAF1FB3001D0053;
			remoteInfo = ChillCat;
		};
/* End PBXContainerItemProxy section */

/* Begin PBXFileReference section */
		01836CFE44F9AD71F1026EB6 /* Pods-ChillCat.release.xcconfig */ = {isa = PBXFileReference; includeInIndex = 1; lastKnownFileType = text.xcconfig; name = "Pods-ChillCat.release.xcconfig"; path = "Target Support Files/Pods-ChillCat/Pods-ChillCat.release.xcconfig"; sourceTree = "<group>"; };
		01B489A478ED1490A4FC3A24 /* Pods-ChillCat.debug.xcconfig */ = {isa = PBXFileReference; includeInIndex = 1; lastKnownFileType = text.xcconfig; name = "Pods-ChillCat.debug.xcconfig"; path = "Target Support Files/Pods-ChillCat/Pods-ChillCat.debug.xcconfig"; sourceTree = "<group>"; };
		404DEF0C774AC7721096EA8C /* Pods_ChillCat.framework */ = {isa = PBXFileReference; explicitFileType = wrapper.framework; includeInIndex = 0; path = Pods_ChillCat.framework; sourceTree = BUILT_PRODUCTS_DIR; };
		71C3711285C8B9E86AD06E53 /* Pods-ChillCatUITests.debug.xcconfig */ = {isa = PBXFileReference; includeInIndex = 1; lastKnownFileType = text.xcconfig; name = "Pods-ChillCatUITests.debug.xcconfig"; path = "Target Support Files/Pods-ChillCatUITests/Pods-ChillCatUITests.debug.xcconfig"; sourceTree = "<group>"; };
		7A8F02762FAF1FB3001D0053 /* ChillCat.app */ = {isa = PBXFileReference; explicitFileType = wrapper.application; includeInIndex = 0; path = ChillCat.app; sourceTree = BUILT_PRODUCTS_DIR; };
		7A9D2A632FEE66B900288912 /* ChillCatTests.xctest */ = {isa = PBXFileReference; explicitFileType = wrapper.cfbundle; includeInIndex = 0; path = ChillCatTests.xctest; sourceTree = BUILT_PRODUCTS_DIR; };
		7AB3D3512FD7CCD300CCD8A8 /* ChillCatUITests.xctest */ = {isa = PBXFileReference; explicitFileType = wrapper.cfbundle; includeInIndex = 0; path = ChillCatUITests.xctest; sourceTree = BUILT_PRODUCTS_DIR; };
		7C7EB57F702BB67EE1CBCC2D /* Pods_ChillCatTests.framework */ = {isa = PBXFileReference; explicitFileType = wrapper.framework; includeInIndex = 0; path = Pods_ChillCatTests.framework; sourceTree = BUILT_PRODUCTS_DIR; };
		805E6D83308DF2F842C99563 /* Pods_ChillCatUITests.framework */ = {isa = PBXFileReference; explicitFileType = wrapper.framework; includeInIndex = 0; path = Pods_ChillCatUITests.framework; sourceTree = BUILT_PRODUCTS_DIR; };
		A1ED3C274B385666146DAA61 /* Pods-ChillCatTests.release.xcconfig */ = {isa = PBXFileReference; includeInIndex = 1; lastKnownFileType = text.xcconfig; name = "Pods-ChillCatTests.release.xcconfig"; path = "Target Support Files/Pods-ChillCatTests/Pods-ChillCatTests.release.xcconfig"; sourceTree = "<group>"; };
		BC63B73C065BAF3B326D3770 /* Pods-ChillCatTests.debug.xcconfig */ = {isa = PBXFileReference; includeInIndex = 1; lastKnownFileType = text.xcconfig; name = "Pods-ChillCatTests.debug.xcconfig"; path = "Target Support Files/Pods-ChillCatTests/Pods-ChillCatTests.debug.xcconfig"; sourceTree = "<group>"; };
		F6390B0936788B783C52044A /* Pods-ChillCatUITests.release.xcconfig */ = {isa = PBXFileReference; includeInIndex = 1; lastKnownFileType = text.xcconfig; name = "Pods-ChillCatUITests.release.xcconfig"; path = "Target Support Files/Pods-ChillCatUITests/Pods-ChillCatUITests.release.xcconfig"; sourceTree = "<group>"; };
/* End PBXFileReference section */

/* Begin PBXFileSystemSynchronizedBuildFileExceptionSet section */
		7A8F02882FAF1FB4001D0053 /* Exceptions for "ChillCat" folder in "ChillCat" target */ = {
			isa = PBXFileSystemSynchronizedBuildFileExceptionSet;
			membershipExceptions = (
				Info.plist,
			);
			target = 7A8F02752FAF1FB3001D0053 /* ChillCat */;
		};
		7AB3D3732FD7DA5700CCD8A8 /* Exceptions for "ChillCatUITests" folder in "ChillCatUITests" target */ = {
			isa = PBXFileSystemSynchronizedBuildFileExceptionSet;
			membershipExceptions = (
				Info.plist,
			);
			target = 7AB3D3502FD7CCD300CCD8A8 /* ChillCatUITests */;
		};
/* End PBXFileSystemSynchronizedBuildFileExceptionSet section */

/* Begin PBXFileSystemSynchronizedRootGroup section */
		7A8F02782FAF1FB3001D0053 /* ChillCat */ = {
			isa = PBXFileSystemSynchronizedRootGroup;
			exceptions = (
				7A8F02882FAF1FB4001D0053 /* Exceptions for "ChillCat" folder in "ChillCat" target */,
			);
			path = ChillCat;
			sourceTree = "<group>";
		};
		7AB3D3522FD7CCD400CCD8A8 /* ChillCatUITests */ = {
			isa = PBXFileSystemSynchronizedRootGroup;
			exceptions = (
				7AB3D3732FD7DA5700CCD8A8 /* Exceptions for "ChillCatUITests" folder in "ChillCatUITests" target */,
			);
			path = ChillCatUITests;
			sourceTree = "<group>";
		};
/* End PBXFileSystemSynchronizedRootGroup section */

/* Begin PBXFrameworksBuildPhase section */
		7A8F02732FAF1FB3001D0053 /* Frameworks */ = {
			isa = PBXFrameworksBuildPhase;
			buildActionMask = 2147483647;
			files = (
				7A2D320F2FD7AE11004F8DCC /* Kingfisher in Frameworks */,
				7A2D32022FD7ADE3004F8DCC /* Alamofire in Frameworks */,
				7A2D32072FD7ADEF004F8DCC /* KeychainAccess in Frameworks */,
				7AE9E8632FF7ACBF0065A696 /* Lottie in Frameworks */,
				7A0000012FF80001001D0053 /* LookinServer in Frameworks */,
				6268107383B8EBDB2F70AF82 /* Pods_ChillCat.framework in Frameworks */,
			);
			runOnlyForDeploymentPostprocessing = 0;
		};
		7A9D2A602FEE66B900288912 /* Frameworks */ = {
			isa = PBXFrameworksBuildPhase;
			buildActionMask = 2147483647;
			files = (
				CFC321F8206DA575AB1F201D /* Pods_ChillCatTests.framework in Frameworks */,
			);
			runOnlyForDeploymentPostprocessing = 0;
		};
		7AB3D34E2FD7CCD300CCD8A8 /* Frameworks */ = {
			isa = PBXFrameworksBuildPhase;
			buildActionMask = 2147483647;
			files = (
				6F73F873C07632E765F11441 /* Pods_ChillCatUITests.framework in Frameworks */,
			);
			runOnlyForDeploymentPostprocessing = 0;
		};
/* End PBXFrameworksBuildPhase section */

/* Begin PBXGroup section */
		2069A171DB03211E3181501F /* Frameworks */ = {
			isa = PBXGroup;
			children = (
				404DEF0C774AC7721096EA8C /* Pods_ChillCat.framework */,
				7C7EB57F702BB67EE1CBCC2D /* Pods_ChillCatTests.framework */,
				805E6D83308DF2F842C99563 /* Pods_ChillCatUITests.framework */,
			);
			name = Frameworks;
			sourceTree = "<group>";
		};
		7A8F026D2FAF1FB3001D0053 = {
			isa = PBXGroup;
			children = (
				7A8F02782FAF1FB3001D0053 /* ChillCat */,
				7AB3D3522FD7CCD400CCD8A8 /* ChillCatUITests */,
				7A8F02772FAF1FB3001D0053 /* Products */,
				AA414DC325B2523E2FDFF573 /* Pods */,
				2069A171DB03211E3181501F /* Frameworks */,
			);
			sourceTree = "<group>";
		};
		7A8F02772FAF1FB3001D0053 /* Products */ = {
			isa = PBXGroup;
			children = (
				7A8F02762FAF1FB3001D0053 /* ChillCat.app */,
				7AB3D3512FD7CCD300CCD8A8 /* ChillCatUITests.xctest */,
				7A9D2A632FEE66B900288912 /* ChillCatTests.xctest */,
			);
			name = Products;
			sourceTree = "<group>";
		};
		AA414DC325B2523E2FDFF573 /* Pods */ = {
			isa = PBXGroup;
			children = (
				01B489A478ED1490A4FC3A24 /* Pods-ChillCat.debug.xcconfig */,
				01836CFE44F9AD71F1026EB6 /* Pods-ChillCat.release.xcconfig */,
				BC63B73C065BAF3B326D3770 /* Pods-ChillCatTests.debug.xcconfig */,
				A1ED3C274B385666146DAA61 /* Pods-ChillCatTests.release.xcconfig */,
				71C3711285C8B9E86AD06E53 /* Pods-ChillCatUITests.debug.xcconfig */,
				F6390B0936788B783C52044A /* Pods-ChillCatUITests.release.xcconfig */,
			);
			name = Pods;
			path = Pods;
			sourceTree = "<group>";
		};
/* End PBXGroup section */

/* Begin PBXNativeTarget section */
		7A8F02752FAF1FB3001D0053 /* ChillCat */ = {
			isa = PBXNativeTarget;
			buildConfigurationList = 7A8F02892FAF1FB4001D0053 /* Build configuration list for PBXNativeTarget "ChillCat" */;
			buildPhases = (
				6159DDA9D6D32A6F043F68D9 /* [CP] Check Pods Manifest.lock */,
				7A8F02722FAF1FB3001D0053 /* Sources */,
				7A8F02732FAF1FB3001D0053 /* Frameworks */,
				7A8F02742FAF1FB3001D0053 /* Resources */,
				306C07DBDC7ACF5A01079B76 /* [CP] Embed Pods Frameworks */,
			);
			buildRules = (
			);
			dependencies = (
			);
			fileSystemSynchronizedGroups = (
				7A8F02782FAF1FB3001D0053 /* ChillCat */,
			);
			name = ChillCat;
			productName = ChillCat;
			productReference = 7A8F02762FAF1FB3001D0053 /* ChillCat.app */;
			productType = "com.apple.product-type.application";
		};
		7A9D2A622FEE66B900288912 /* ChillCatTests */ = {
			isa = PBXNativeTarget;
			buildConfigurationList = 7A9D2A6B2FEE66B900288912 /* Build configuration list for PBXNativeTarget "ChillCatTests" */;
			buildPhases = (
				6468D5236413D118EEBDAA6C /* [CP] Check Pods Manifest.lock */,
				7A9D2A5F2FEE66B900288912 /* Sources */,
				7A9D2A602FEE66B900288912 /* Frameworks */,
				7A9D2A612FEE66B900288912 /* Resources */,
			);
			buildRules = (
			);
			dependencies = (
				7A9D2A682FEE66B900288912 /* PBXTargetDependency */,
			);
			name = ChillCatTests;
			productName = ChillCatTests;
			productReference = 7A9D2A632FEE66B900288912 /* ChillCatTests.xctest */;
			productType = "com.apple.product-type.bundle.unit-test";
		};
		7AB3D3502FD7CCD300CCD8A8 /* ChillCatUITests */ = {
			isa = PBXNativeTarget;
			buildConfigurationList = 7AB3D35B2FD7CCD400CCD8A8 /* Build configuration list for PBXNativeTarget "ChillCatUITests" */;
			buildPhases = (
				EA16F3FE8FCB46F3C2E5C58C /* [CP] Check Pods Manifest.lock */,
				7AB3D34D2FD7CCD300CCD8A8 /* Sources */,
				7AB3D34E2FD7CCD300CCD8A8 /* Frameworks */,
				7AB3D34F2FD7CCD300CCD8A8 /* Resources */,
			);
			buildRules = (
			);
			dependencies = (
				7AB3D3582FD7CCD400CCD8A8 /* PBXTargetDependency */,
			);
			fileSystemSynchronizedGroups = (
				7AB3D3522FD7CCD400CCD8A8 /* ChillCatUITests */,
			);
			name = ChillCatUITests;
			productName = ChillCatUITests;
			productReference = 7AB3D3512FD7CCD300CCD8A8 /* ChillCatUITests.xctest */;
			productType = "com.apple.product-type.bundle.ui-testing";
		};
/* End PBXNativeTarget section */

/* Begin PBXProject section */
		7A8F026E2FAF1FB3001D0053 /* Project object */ = {
			isa = PBXProject;
			attributes = {
				BuildIndependentTargetsInParallel = 1;
				LastSwiftUpdateCheck = 2630;
				LastUpgradeCheck = 2630;
				TargetAttributes = {
					7A8F02752FAF1FB3001D0053 = {
						CreatedOnToolsVersion = 26.3;
					};
					7A9D2A622FEE66B900288912 = {
						CreatedOnToolsVersion = 26.3;
						TestTargetID = 7A8F02752FAF1FB3001D0053;
					};
					7AB3D3502FD7CCD300CCD8A8 = {
						CreatedOnToolsVersion = 26.3;
						TestTargetID = 7A8F02752FAF1FB3001D0053;
					};
				};
			};
			buildConfigurationList = 7A8F02712FAF1FB3001D0053 /* Build configuration list for PBXProject "ChillCat" */;
			developmentRegion = en;
			hasScannedForEncodings = 0;
			knownRegions = (
				en,
				Base,
			);
			mainGroup = 7A8F026D2FAF1FB3001D0053;
			minimizedProjectReferenceProxies = 1;
			preferredProjectObjectVersion = 77;
			productRefGroup = 7A8F02772FAF1FB3001D0053 /* Products */;
			projectDirPath = "";
			projectRoot = "";
			targets = (
				7A8F02752FAF1FB3001D0053 /* ChillCat */,
				7AB3D3502FD7CCD300CCD8A8 /* ChillCatUITests */,
				7A9D2A622FEE66B900288912 /* ChillCatTests */,
			);
		};
/* End PBXProject section */

/* Begin PBXResourcesBuildPhase section */
		7A8F02742FAF1FB3001D0053 /* Resources */ = {
			isa = PBXResourcesBuildPhase;
			buildActionMask = 2147483647;
			files = (
			);
			runOnlyForDeploymentPostprocessing = 0;
		};
		7A9D2A612FEE66B900288912 /* Resources */ = {
			isa = PBXResourcesBuildPhase;
			buildActionMask = 2147483647;
			files = (
			);
			runOnlyForDeploymentPostprocessing = 0;
		};
		7AB3D34F2FD7CCD300CCD8A8 /* Resources */ = {
			isa = PBXResourcesBuildPhase;
			buildActionMask = 2147483647;
			files = (
			);
			runOnlyForDeploymentPostprocessing = 0;
		};
/* End PBXResourcesBuildPhase section */

/* Begin PBXShellScriptBuildPhase section */
		306C07DBDC7ACF5A01079B76 /* [CP] Embed Pods Frameworks */ = {
			isa = PBXShellScriptBuildPhase;
			buildActionMask = 2147483647;
			files = (
			);
			inputFileListPaths = (
				"${PODS_ROOT}/Target Support Files/Pods-ChillCat/Pods-ChillCat-frameworks-${CONFIGURATION}-input-files.xcfilelist",
			);
			name = "[CP] Embed Pods Frameworks";
			outputFileListPaths = (
				"${PODS_ROOT}/Target Support Files/Pods-ChillCat/Pods-ChillCat-frameworks-${CONFIGURATION}-output-files.xcfilelist",
			);
			runOnlyForDeploymentPostprocessing = 0;
			shellPath = /bin/sh;
			shellScript = "\"${PODS_ROOT}/Target Support Files/Pods-ChillCat/Pods-ChillCat-frameworks.sh\"\n";
			showEnvVarsInLog = 0;
		};
		6159DDA9D6D32A6F043F68D9 /* [CP] Check Pods Manifest.lock */ = {
			isa = PBXShellScriptBuildPhase;
			buildActionMask = 2147483647;
			files = (
			);
			inputFileListPaths = (
			);
			inputPaths = (
				"${PODS_PODFILE_DIR_PATH}/Podfile.lock",
				"${PODS_ROOT}/Manifest.lock",
			);
			name = "[CP] Check Pods Manifest.lock";
			outputFileListPaths = (
			);
			outputPaths = (
				"$(DERIVED_FILE_DIR)/Pods-ChillCat-checkManifestLockResult.txt",
			);
			runOnlyForDeploymentPostprocessing = 0;
			shellPath = /bin/sh;
			shellScript = "diff \"${PODS_PODFILE_DIR_PATH}/Podfile.lock\" \"${PODS_ROOT}/Manifest.lock\" > /dev/null\nif [ $? != 0 ] ; then\n    # print error to STDERR\n    echo \"error: The sandbox is not in sync with the Podfile.lock. Run 'pod install' or update your CocoaPods installation.\" >&2\n    exit 1\nfi\n# This output is used by Xcode 'outputs' to avoid re-running this script phase.\necho \"SUCCESS\" > \"${SCRIPT_OUTPUT_FILE_0}\"\n";
			showEnvVarsInLog = 0;
		};
		6468D5236413D118EEBDAA6C /* [CP] Check Pods Manifest.lock */ = {
			isa = PBXShellScriptBuildPhase;
			buildActionMask = 2147483647;
			files = (
			);
			inputFileListPaths = (
			);
			inputPaths = (
				"${PODS_PODFILE_DIR_PATH}/Podfile.lock",
				"${PODS_ROOT}/Manifest.lock",
			);
			name = "[CP] Check Pods Manifest.lock";
			outputFileListPaths = (
			);
			outputPaths = (
				"$(DERIVED_FILE_DIR)/Pods-ChillCatTests-checkManifestLockResult.txt",
			);
			runOnlyForDeploymentPostprocessing = 0;
			shellPath = /bin/sh;
			shellScript = "diff \"${PODS_PODFILE_DIR_PATH}/Podfile.lock\" \"${PODS_ROOT}/Manifest.lock\" > /dev/null\nif [ $? != 0 ] ; then\n    # print error to STDERR\n    echo \"error: The sandbox is not in sync with the Podfile.lock. Run 'pod install' or update your CocoaPods installation.\" >&2\n    exit 1\nfi\n# This output is used by Xcode 'outputs' to avoid re-running this script phase.\necho \"SUCCESS\" > \"${SCRIPT_OUTPUT_FILE_0}\"\n";
			showEnvVarsInLog = 0;
		};
		EA16F3FE8FCB46F3C2E5C58C /* [CP] Check Pods Manifest.lock */ = {
			isa = PBXShellScriptBuildPhase;
			buildActionMask = 2147483647;
			files = (
			);
			inputFileListPaths = (
			);
			inputPaths = (
				"${PODS_PODFILE_DIR_PATH}/Podfile.lock",
				"${PODS_ROOT}/Manifest.lock",
			);
			name = "[CP] Check Pods Manifest.lock";
			outputFileListPaths = (
			);
			outputPaths = (
				"$(DERIVED_FILE_DIR)/Pods-ChillCatUITests-checkManifestLockResult.txt",
			);
			runOnlyForDeploymentPostprocessing = 0;
			shellPath = /bin/sh;
			shellScript = "diff \"${PODS_PODFILE_DIR_PATH}/Podfile.lock\" \"${PODS_ROOT}/Manifest.lock\" > /dev/null\nif [ $? != 0 ] ; then\n    # print error to STDERR\n    echo \"error: The sandbox is not in sync with the Podfile.lock. Run 'pod install' or update your CocoaPods installation.\" >&2\n    exit 1\nfi\n# This output is used by Xcode 'outputs' to avoid re-running this script phase.\necho \"SUCCESS\" > \"${SCRIPT_OUTPUT_FILE_0}\"\n";
			showEnvVarsInLog = 0;
		};
/* End PBXShellScriptBuildPhase section */

/* Begin PBXSourcesBuildPhase section */
		7A8F02722FAF1FB3001D0053 /* Sources */ = {
			isa = PBXSourcesBuildPhase;
			buildActionMask = 2147483647;
			files = (
			);
			runOnlyForDeploymentPostprocessing = 0;
		};
		7A9D2A5F2FEE66B900288912 /* Sources */ = {
			isa = PBXSourcesBuildPhase;
			buildActionMask = 2147483647;
			files = (
			);
			runOnlyForDeploymentPostprocessing = 0;
		};
		7AB3D34D2FD7CCD300CCD8A8 /* Sources */ = {
			isa = PBXSourcesBuildPhase;
			buildActionMask = 2147483647;
			files = (
			);
			runOnlyForDeploymentPostprocessing = 0;
		};
/* End PBXSourcesBuildPhase section */

/* Begin PBXTargetDependency section */
		7A9D2A682FEE66B900288912 /* PBXTargetDependency */ = {
			isa = PBXTargetDependency;
			target = 7A8F02752FAF1FB3001D0053 /* ChillCat */;
			targetProxy = 7A9D2A672FEE66B900288912 /* PBXContainerItemProxy */;
		};
		7AB3D3582FD7CCD400CCD8A8 /* PBXTargetDependency */ = {
			isa = PBXTargetDependency;
			target = 7A8F02752FAF1FB3001D0053 /* ChillCat */;
			targetProxy = 7AB3D3572FD7CCD400CCD8A8 /* PBXContainerItemProxy */;
		};
/* End PBXTargetDependency section */

/* Begin XCBuildConfiguration section */
		7A8F028A2FAF1FB4001D0053 /* Debug */ = {
			isa = XCBuildConfiguration;
			baseConfigurationReference = 01B489A478ED1490A4FC3A24 /* Pods-ChillCat.debug.xcconfig */;
			buildSettings = {
				ASSETCATALOG_COMPILER_APPICON_NAME = AppIcon;
				ASSETCATALOG_COMPILER_GLOBAL_ACCENT_COLOR_NAME = AccentColor;
				CODE_SIGN_STYLE = Automatic;
				CURRENT_PROJECT_VERSION = 1;
				DEVELOPMENT_TEAM = 7TSRNCGBZF;
				GENERATE_INFOPLIST_FILE = YES;
				INFOPLIST_FILE = ChillCat/Info.plist;
				INFOPLIST_KEY_UIApplicationSupportsIndirectInputEvents = YES;
				INFOPLIST_KEY_UILaunchStoryboardName = LaunchScreen;
				INFOPLIST_KEY_UISupportedInterfaceOrientations = UIInterfaceOrientationPortrait;
				INFOPLIST_KEY_UISupportedInterfaceOrientations_iPad = "UIInterfaceOrientationPortrait UIInterfaceOrientationPortraitUpsideDown UIInterfaceOrientationLandscapeLeft UIInterfaceOrientationLandscapeRight";
				INFOPLIST_KEY_UISupportedInterfaceOrientations_iPhone = "UIInterfaceOrientationPortrait UIInterfaceOrientationLandscapeLeft UIInterfaceOrientationLandscapeRight";
				LD_RUNPATH_SEARCH_PATHS = (
					"$(inherited)",
					"@executable_path/Frameworks",
				);
				MARKETING_VERSION = 1.0;
				PRODUCT_BUNDLE_IDENTIFIER = com.qxjz.ChillCat;
				PRODUCT_NAME = "$(TARGET_NAME)";
				STRING_CATALOG_GENERATE_SYMBOLS = YES;
				SWIFT_APPROACHABLE_CONCURRENCY = YES;
				SWIFT_DEFAULT_ACTOR_ISOLATION = MainActor;
				SWIFT_EMIT_LOC_STRINGS = YES;
				SWIFT_UPCOMING_FEATURE_MEMBER_IMPORT_VISIBILITY = YES;
				SWIFT_VERSION = 5.0;
				TARGETED_DEVICE_FAMILY = "1,2";
			};
			name = Debug;
		};
		7A8F028B2FAF1FB4001D0053 /* Release */ = {
			isa = XCBuildConfiguration;
			baseConfigurationReference = 01836CFE44F9AD71F1026EB6 /* Pods-ChillCat.release.xcconfig */;
			buildSettings = {
				ASSETCATALOG_COMPILER_APPICON_NAME = AppIcon;
				ASSETCATALOG_COMPILER_GLOBAL_ACCENT_COLOR_NAME = AccentColor;
				CODE_SIGN_STYLE = Automatic;
				CURRENT_PROJECT_VERSION = 1;
				DEVELOPMENT_TEAM = 7TSRNCGBZF;
				GENERATE_INFOPLIST_FILE = YES;
				INFOPLIST_FILE = ChillCat/Info.plist;
				INFOPLIST_KEY_UIApplicationSupportsIndirectInputEvents = YES;
				INFOPLIST_KEY_UILaunchStoryboardName = LaunchScreen;
				INFOPLIST_KEY_UISupportedInterfaceOrientations = UIInterfaceOrientationPortrait;
				INFOPLIST_KEY_UISupportedInterfaceOrientations_iPad = "UIInterfaceOrientationPortrait UIInterfaceOrientationPortraitUpsideDown UIInterfaceOrientationLandscapeLeft UIInterfaceOrientationLandscapeRight";
				INFOPLIST_KEY_UISupportedInterfaceOrientations_iPhone = "UIInterfaceOrientationPortrait UIInterfaceOrientationLandscapeLeft UIInterfaceOrientationLandscapeRight";
				LD_RUNPATH_SEARCH_PATHS = (
					"$(inherited)",
					"@executable_path/Frameworks",
				);
				MARKETING_VERSION = 1.0;
				PRODUCT_BUNDLE_IDENTIFIER = com.qxjz.ChillCat;
				PRODUCT_NAME = "$(TARGET_NAME)";
				STRING_CATALOG_GENERATE_SYMBOLS = YES;
				SWIFT_APPROACHABLE_CONCURRENCY = YES;
				SWIFT_DEFAULT_ACTOR_ISOLATION = MainActor;
				SWIFT_EMIT_LOC_STRINGS = YES;
				SWIFT_UPCOMING_FEATURE_MEMBER_IMPORT_VISIBILITY = YES;
				SWIFT_VERSION = 5.0;
				TARGETED_DEVICE_FAMILY = "1,2";
			};
			name = Release;
		};
		7A8F028C2FAF1FB4001D0053 /* Debug */ = {
			isa = XCBuildConfiguration;
			buildSettings = {
				ALWAYS_SEARCH_USER_PATHS = NO;
				ASSETCATALOG_COMPILER_GENERATE_SWIFT_ASSET_SYMBOL_EXTENSIONS = YES;
				CLANG_ANALYZER_NONNULL = YES;
				CLANG_ANALYZER_NUMBER_OBJECT_CONVERSION = YES_AGGRESSIVE;
				CLANG_CXX_LANGUAGE_STANDARD = "gnu++20";
				CLANG_ENABLE_MODULES = YES;
				CLANG_ENABLE_OBJC_ARC = YES;
				CLANG_ENABLE_OBJC_WEAK = YES;
				CLANG_WARN_BLOCK_CAPTURE_AUTORELEASING = YES;
				CLANG_WARN_BOOL_CONVERSION = YES;
				CLANG_WARN_COMMA = YES;
				CLANG_WARN_CONSTANT_CONVERSION = YES;
				CLANG_WARN_DEPRECATED_OBJC_IMPLEMENTATIONS = YES;
				CLANG_WARN_DIRECT_OBJC_ISA_USAGE = YES_ERROR;
				CLANG_WARN_DOCUMENTATION_COMMENTS = YES;
				CLANG_WARN_EMPTY_BODY = YES;
				CLANG_WARN_ENUM_CONVERSION = YES;
				CLANG_WARN_INFINITE_RECURSION = YES;
				CLANG_WARN_INT_CONVERSION = YES;
				CLANG_WARN_NON_LITERAL_NULL_CONVERSION = YES;
				CLANG_WARN_OBJC_IMPLICIT_RETAIN_SELF = YES;
				CLANG_WARN_OBJC_LITERAL_CONVERSION = YES;
				CLANG_WARN_OBJC_ROOT_CLASS = YES_ERROR;
				CLANG_WARN_QUOTED_INCLUDE_IN_FRAMEWORK_HEADER = YES;
				CLANG_WARN_RANGE_LOOP_ANALYSIS = YES;
				CLANG_WARN_STRICT_PROTOTYPES = YES;
				CLANG_WARN_SUSPICIOUS_MOVE = YES;
				CLANG_WARN_UNGUARDED_AVAILABILITY = YES_AGGRESSIVE;
				CLANG_WARN_UNREACHABLE_CODE = YES;
				CLANG_WARN__DUPLICATE_METHOD_MATCH = YES;
				COPY_PHASE_STRIP = NO;
				DEBUG_INFORMATION_FORMAT = dwarf;
				DEVELOPMENT_TEAM = 7TSRNCGBZF;
				ENABLE_STRICT_OBJC_MSGSEND = YES;
				ENABLE_TESTABILITY = YES;
				ENABLE_USER_SCRIPT_SANDBOXING = NO;
				GCC_C_LANGUAGE_STANDARD = gnu17;
				GCC_DYNAMIC_NO_PIC = NO;
				GCC_NO_COMMON_BLOCKS = YES;
				GCC_OPTIMIZATION_LEVEL = 0;
				GCC_PREPROCESSOR_DEFINITIONS = (
					"DEBUG=1",
					"$(inherited)",
				);
				GCC_WARN_64_TO_32_BIT_CONVERSION = YES;
				GCC_WARN_ABOUT_RETURN_TYPE = YES_ERROR;
				GCC_WARN_UNDECLARED_SELECTOR = YES;
				GCC_WARN_UNINITIALIZED_AUTOS = YES_AGGRESSIVE;
				GCC_WARN_UNUSED_FUNCTION = YES;
				GCC_WARN_UNUSED_VARIABLE = YES;
				IPHONEOS_DEPLOYMENT_TARGET = 17.0;
				LOCALIZATION_PREFERS_STRING_CATALOGS = YES;
				MTL_ENABLE_DEBUG_INFO = INCLUDE_SOURCE;
				MTL_FAST_MATH = YES;
				ONLY_ACTIVE_ARCH = YES;
				SDKROOT = iphoneos;
				SWIFT_ACTIVE_COMPILATION_CONDITIONS = "DEBUG $(inherited)";
				SWIFT_OPTIMIZATION_LEVEL = "-Onone";
			};
			name = Debug;
		};
		7A8F028D2FAF1FB4001D0053 /* Release */ = {
			isa = XCBuildConfiguration;
			buildSettings = {
				ALWAYS_SEARCH_USER_PATHS = NO;
				ASSETCATALOG_COMPILER_GENERATE_SWIFT_ASSET_SYMBOL_EXTENSIONS = YES;
				CLANG_ANALYZER_NONNULL = YES;
				CLANG_ANALYZER_NUMBER_OBJECT_CONVERSION = YES_AGGRESSIVE;
				CLANG_CXX_LANGUAGE_STANDARD = "gnu++20";
				CLANG_ENABLE_MODULES = YES;
				CLANG_ENABLE_OBJC_ARC = YES;
				CLANG_ENABLE_OBJC_WEAK = YES;
				CLANG_WARN_BLOCK_CAPTURE_AUTORELEASING = YES;
				CLANG_WARN_BOOL_CONVERSION = YES;
				CLANG_WARN_COMMA = YES;
				CLANG_WARN_CONSTANT_CONVERSION = YES;
				CLANG_WARN_DEPRECATED_OBJC_IMPLEMENTATIONS = YES;
				CLANG_WARN_DIRECT_OBJC_ISA_USAGE = YES_ERROR;
				CLANG_WARN_DOCUMENTATION_COMMENTS = YES;
				CLANG_WARN_EMPTY_BODY = YES;
				CLANG_WARN_ENUM_CONVERSION = YES;
				CLANG_WARN_INFINITE_RECURSION = YES;
				CLANG_WARN_INT_CONVERSION = YES;
				CLANG_WARN_NON_LITERAL_NULL_CONVERSION = YES;
				CLANG_WARN_OBJC_IMPLICIT_RETAIN_SELF = YES;
				CLANG_WARN_OBJC_LITERAL_CONVERSION = YES;
				CLANG_WARN_OBJC_ROOT_CLASS = YES_ERROR;
				CLANG_WARN_QUOTED_INCLUDE_IN_FRAMEWORK_HEADER = YES;
				CLANG_WARN_RANGE_LOOP_ANALYSIS = YES;
				CLANG_WARN_STRICT_PROTOTYPES = YES;
				CLANG_WARN_SUSPICIOUS_MOVE = YES;
				CLANG_WARN_UNGUARDED_AVAILABILITY = YES_AGGRESSIVE;
				CLANG_WARN_UNREACHABLE_CODE = YES;
				CLANG_WARN__DUPLICATE_METHOD_MATCH = YES;
				COPY_PHASE_STRIP = NO;
				DEBUG_INFORMATION_FORMAT = "dwarf-with-dsym";
				DEVELOPMENT_TEAM = 7TSRNCGBZF;
				ENABLE_NS_ASSERTIONS = NO;
				ENABLE_STRICT_OBJC_MSGSEND = YES;
				ENABLE_USER_SCRIPT_SANDBOXING = NO;
				GCC_C_LANGUAGE_STANDARD = gnu17;
				GCC_NO_COMMON_BLOCKS = YES;
				GCC_WARN_64_TO_32_BIT_CONVERSION = YES;
				GCC_WARN_ABOUT_RETURN_TYPE = YES_ERROR;
				GCC_WARN_UNDECLARED_SELECTOR = YES;
				GCC_WARN_UNINITIALIZED_AUTOS = YES_AGGRESSIVE;
				GCC_WARN_UNUSED_FUNCTION = YES;
				GCC_WARN_UNUSED_VARIABLE = YES;
				IPHONEOS_DEPLOYMENT_TARGET = 17.0;
				LOCALIZATION_PREFERS_STRING_CATALOGS = YES;
				MTL_ENABLE_DEBUG_INFO = NO;
				MTL_FAST_MATH = YES;
				SDKROOT = iphoneos;
				SWIFT_COMPILATION_MODE = wholemodule;
				VALIDATE_PRODUCT = YES;
			};
			name = Release;
		};
		7A9D2A692FEE66B900288912 /* Debug */ = {
			isa = XCBuildConfiguration;
			baseConfigurationReference = BC63B73C065BAF3B326D3770 /* Pods-ChillCatTests.debug.xcconfig */;
			buildSettings = {
				BUNDLE_LOADER = "$(TEST_HOST)";
				CODE_SIGN_STYLE = Automatic;
				CURRENT_PROJECT_VERSION = 1;
				DEVELOPMENT_TEAM = 7TSRNCGBZF;
				GENERATE_INFOPLIST_FILE = YES;
				IPHONEOS_DEPLOYMENT_TARGET = 17.0;
				MARKETING_VERSION = 1.0;
				PRODUCT_BUNDLE_IDENTIFIER = com.qxjz.ChillCatTests;
				PRODUCT_NAME = "$(TARGET_NAME)";
				STRING_CATALOG_GENERATE_SYMBOLS = NO;
				SWIFT_APPROACHABLE_CONCURRENCY = YES;
				SWIFT_EMIT_LOC_STRINGS = NO;
				SWIFT_UPCOMING_FEATURE_MEMBER_IMPORT_VISIBILITY = YES;
				SWIFT_VERSION = 5.0;
				TARGETED_DEVICE_FAMILY = "1,2";
				TEST_HOST = "$(BUILT_PRODUCTS_DIR)/ChillCat.app/$(BUNDLE_EXECUTABLE_FOLDER_PATH)/ChillCat";
			};
			name = Debug;
		};
		7A9D2A6A2FEE66B900288912 /* Release */ = {
			isa = XCBuildConfiguration;
			baseConfigurationReference = A1ED3C274B385666146DAA61 /* Pods-ChillCatTests.release.xcconfig */;
			buildSettings = {
				BUNDLE_LOADER = "$(TEST_HOST)";
				CODE_SIGN_STYLE = Automatic;
				CURRENT_PROJECT_VERSION = 1;
				DEVELOPMENT_TEAM = 7TSRNCGBZF;
				GENERATE_INFOPLIST_FILE = YES;
				IPHONEOS_DEPLOYMENT_TARGET = 17.0;
				MARKETING_VERSION = 1.0;
				PRODUCT_BUNDLE_IDENTIFIER = com.qxjz.ChillCatTests;
				PRODUCT_NAME = "$(TARGET_NAME)";
				STRING_CATALOG_GENERATE_SYMBOLS = NO;
				SWIFT_APPROACHABLE_CONCURRENCY = YES;
				SWIFT_EMIT_LOC_STRINGS = NO;
				SWIFT_UPCOMING_FEATURE_MEMBER_IMPORT_VISIBILITY = YES;
				SWIFT_VERSION = 5.0;
				TARGETED_DEVICE_FAMILY = "1,2";
				TEST_HOST = "$(BUILT_PRODUCTS_DIR)/ChillCat.app/$(BUNDLE_EXECUTABLE_FOLDER_PATH)/ChillCat";
			};
			name = Release;
		};
		7AB3D3592FD7CCD400CCD8A8 /* Debug */ = {
			isa = XCBuildConfiguration;
			baseConfigurationReference = 71C3711285C8B9E86AD06E53 /* Pods-ChillCatUITests.debug.xcconfig */;
			buildSettings = {
				CODE_SIGN_STYLE = Automatic;
				CURRENT_PROJECT_VERSION = 1;
				DEVELOPMENT_TEAM = 7TSRNCGBZF;
				GENERATE_INFOPLIST_FILE = YES;
				INFOPLIST_FILE = ChillCatUITests/Info.plist;
				IPHONEOS_DEPLOYMENT_TARGET = 17.0;
				MARKETING_VERSION = 1.0;
				PRODUCT_BUNDLE_IDENTIFIER = com.qxjz.ChillCatUITests;
				PRODUCT_NAME = "$(TARGET_NAME)";
				STRING_CATALOG_GENERATE_SYMBOLS = NO;
				SWIFT_APPROACHABLE_CONCURRENCY = YES;
				SWIFT_EMIT_LOC_STRINGS = NO;
				SWIFT_UPCOMING_FEATURE_MEMBER_IMPORT_VISIBILITY = YES;
				SWIFT_VERSION = 5.0;
				TARGETED_DEVICE_FAMILY = "1,2";
				TEST_TARGET_NAME = ChillCat;
			};
			name = Debug;
		};
		7AB3D35A2FD7CCD400CCD8A8 /* Release */ = {
			isa = XCBuildConfiguration;
			baseConfigurationReference = F6390B0936788B783C52044A /* Pods-ChillCatUITests.release.xcconfig */;
			buildSettings = {
				CODE_SIGN_STYLE = Automatic;
				CURRENT_PROJECT_VERSION = 1;
				DEVELOPMENT_TEAM = 7TSRNCGBZF;
				GENERATE_INFOPLIST_FILE = YES;
				INFOPLIST_FILE = ChillCatUITests/Info.plist;
				IPHONEOS_DEPLOYMENT_TARGET = 17.0;
				MARKETING_VERSION = 1.0;
				PRODUCT_BUNDLE_IDENTIFIER = com.qxjz.ChillCatUITests;
				PRODUCT_NAME = "$(TARGET_NAME)";
				STRING_CATALOG_GENERATE_SYMBOLS = NO;
				SWIFT_APPROACHABLE_CONCURRENCY = YES;
				SWIFT_EMIT_LOC_STRINGS = NO;
				SWIFT_UPCOMING_FEATURE_MEMBER_IMPORT_VISIBILITY = YES;
				SWIFT_VERSION = 5.0;
				TARGETED_DEVICE_FAMILY = "1,2";
				TEST_TARGET_NAME = ChillCat;
			};
			name = Release;
		};
/* End XCBuildConfiguration section */

/* Begin XCConfigurationList section */
		7A8F02712FAF1FB3001D0053 /* Build configuration list for PBXProject "ChillCat" */ = {
			isa = XCConfigurationList;
			buildConfigurations = (
				7A8F028C2FAF1FB4001D0053 /* Debug */,
				7A8F028D2FAF1FB4001D0053 /* Release */,
			);
			defaultConfigurationIsVisible = 0;
			defaultConfigurationName = Release;
		};
		7A8F02892FAF1FB4001D0053 /* Build configuration list for PBXNativeTarget "ChillCat" */ = {
			isa = XCConfigurationList;
			buildConfigurations = (
				7A8F028A2FAF1FB4001D0053 /* Debug */,
				7A8F028B2FAF1FB4001D0053 /* Release */,
			);
			defaultConfigurationIsVisible = 0;
			defaultConfigurationName = Release;
		};
		7A9D2A6B2FEE66B900288912 /* Build configuration list for PBXNativeTarget "ChillCatTests" */ = {
			isa = XCConfigurationList;
			buildConfigurations = (
				7A9D2A692FEE66B900288912 /* Debug */,
				7A9D2A6A2FEE66B900288912 /* Release */,
			);
			defaultConfigurationIsVisible = 0;
			defaultConfigurationName = Release;
		};
		7AB3D35B2FD7CCD400CCD8A8 /* Build configuration list for PBXNativeTarget "ChillCatUITests" */ = {
			isa = XCConfigurationList;
			buildConfigurations = (
				7AB3D3592FD7CCD400CCD8A8 /* Debug */,
				7AB3D35A2FD7CCD400CCD8A8 /* Release */,
			);
			defaultConfigurationIsVisible = 0;
			defaultConfigurationName = Release;
		};
/* End XCConfigurationList section */

	};
	rootObject = 7A8F026E2FAF1FB3001D0053 /* Project object */;
}
